// !$*UTF8*$!
{
	archiveVersion = 1;
	classes = {
	};
	objectVersion = 50;
	objects = {

/* Begin PBXBuildFile section */
		37F4A6C721E48F1F00F787FA /* AppDelegate.swift in Sources */ = {isa = PBXBuildFile; fileRef = 37F4A6C621E48F1F00F787FA /* AppDelegate.swift */; };
		37F4A6C921E48F1F00F787FA /* ViewController.swift in Sources */ = {isa = PBXBuildFile; fileRef = 37F4A6C821E48F1F00F787FA /* ViewController.swift */; };
		37F4A6CC21E48F1F00F787FA /* Main.storyboard in Resources */ = {isa = PBXBuildFile; fileRef = 37F4A6CA21E48F1F00F787FA /* Main.storyboard */; };
		37F4A6CE21E48F2100F787FA /* Assets.xcassets in Resources */ = {isa = PBXBuildFile; fileRef = 37F4A6CD21E48F2100F787FA /* Assets.xcassets */; };
		37F4A6D121E48F2100F787FA /* LaunchScreen.storyboard in Resources */ = {isa = PBXBuildFile; fileRef = 37F4A6CF21E48F2100F787FA /* LaunchScreen.storyboard */; };
		37F4A6DC21E48F2100F787FA /* SwiftMVVMProjectTests.swift in Sources */ = {isa = PBXBuildFile; fileRef = 37F4A6DB21E48F2100F787FA /* SwiftMVVMProjectTests.swift */; };
		37F4A6E721E48F2100F787FA /* SwiftMVVMProjectUITests.swift in Sources */ = {isa = PBXBuildFile; fileRef = 37F4A6E621E48F2100F787FA /* SwiftMVVMProjectUITests.swift */; };
/* End PBXBuildFile section */

/* Begin PBXContainerItemProxy section */
		37F4A6D821E48F2100F787FA /* PBXContainerItemProxy */ = {
			isa = PBXContainerItemProxy;
			containerPortal = 37F4A6BB21E48F1F00F787FA /* Project object */;
			proxyType = 1;
			remoteGlobalIDString = 37F4A6C221E48F1F00F787FA;
			remoteInfo = SwiftMVVMProject;
		};
		37F4A6E321E48F2100F787FA /* PBXContainerItemProxy */ = {
			isa = PBXContainerItemProxy;
			containerPortal = 37F4A6BB21E48F1F00F787FA /* Project object */;
			proxyType = 1;
			remoteGlobalIDString = 37F4A6C221E48F1F00F787FA;
			remoteInfo = SwiftMVVMProject;
		};
/* End PBXContainerItemProxy section */

/* Begin PBXFileReference section */
		37F4A6C321E48F1F00F787FA /* SwiftMVVMProject.app */ = {isa = PBXFileReference; explicitFileType = wrapper.application; includeInIndex = 0; path = SwiftMVVMProject.app; sourceTree = BUILT_PRODUCTS_DIR; };
		37F4A6C621E48F1F00F787FA /* AppDelegate.swift */ = {isa = PBXFileReference; lastKnownFileType = sourcecode.swift; path = AppDelegate.swift; sourceTree = "<group>"; };
		37F4A6C821E48F1F00F787FA /* ViewController.swift */ = {isa = PBXFileReference; lastKnownFileType = sourcecode.swift; path = ViewController.swift; sourceTree = "<group>"; };
		37F4A6CB21E48F1F00F787FA /* Base */ = {isa = PBXFileReference; lastKnownFileType = file.storyboard; name = Base; path = Base.lproj/Main.storyboard; sourceTree = "<group>"; };
		37F4A6CD21E48F2100F787FA /* Assets.xcassets */ = {isa = PBXFileReference; lastKnownFileType = folder.assetcatalog; path = Assets.xcassets; sourceTree = "<group>"; };
		37F4A6D021E48F2100F787FA /* Base */ = {isa = PBXFileReference; lastKnownFileType = file.storyboard; name = Base; path = Base.lproj/LaunchScreen.storyboard; sourceTree = "<group>"; };
		37F4A6D221E48F2100F787FA /* Info.plist */ = {isa = PBXFileReference; lastKnownFileType = text.plist.xml; path = Info.plist; sourceTree = "<group>"; };
		37F4A6D721E48F2100F787FA /* SwiftMVVMProjectTests.xctest */ = {isa = PBXFileReference; explicitFileType = wrapper.cfbundle; includeInIndex = 0; path = SwiftMVVMProjectTests.xctest; sourceTree = BUILT_PRODUCTS_DIR; };
		37F4A6DB21E48F2100F787FA /* SwiftMVVMProjectTests.swift */ = {isa = PBXFileReference; lastKnownFileType = sourcecode.swift; path = SwiftMVVMProjectTests.swift; sourceTree = "<group>"; };
		37F4A6DD21E48F2100F787FA /* Info.plist */ = {isa = PBXFileReference; lastKnownFileType = text.plist.xml; path = Info.plist; sourceTree = "<group>"; };
		37F4A6E221E48F2100F787FA /* SwiftMVVMProjectUITests.xctest */ = {isa = PBXFileReference; explicitFileType = wrapper.cfbundle; includeInIndex = 0; path = SwiftMVVMProjectUITests.xctest; sourceTree = BUILT_PRODUCTS_DIR; };
		37F4A6E621E48F2100F787FA /* SwiftMVVMProjectUITests.swift */ = {isa = PBXFileReference; lastKnownFileType = sourcecode.swift; path = SwiftMVVMProjectUITests.swift; sourceTree = "<group>"; };
		37F4A6E821E48F2100F787FA /* Info.plist */ = {isa = PBXFileReference; lastKnownFileType = text.plist.xml; path = Info.plist; sourceTree = "<group>"; };
/* End PBXFileReference section */

/* Begin PBXFrameworksBuildPhase section */
		37F4A6C021E48F1F00F787FA /* Frameworks */ = {
			isa = PBXFrameworksBuildPhase;
			buildActionMask = 2147483647;
			files = (
			);
			runOnlyForDeploymentPostprocessing = 0;
		};
		37F4A6D421E48F2100F787FA /* Frameworks */ = {
			isa = PBXFrameworksBuildPhase;
			buildActionMask = 2147483647;
			files = (
			);
			runOnlyForDeploymentPostprocessing = 0;
		};
		37F4A6DF21E48F2100F787FA /* Frameworks */ = {
			isa = PBXFrameworksBuildPhase;
			buildActionMask = 2147483647;
			files = (
			);
			runOnlyForDeploymentPostprocessing = 0;
		};
/* End PBXFrameworksBuildPhase section */

/* Begin PBXGroup section */
		37F4A6BA21E48F1F00F787FA = {
			isa = PBXGroup;
			children = (
				37F4A6C521E48F1F00F787FA /* SwiftMVVMProject */,
				37F4A6DA21E48F2100F787FA /* SwiftMVVMProjectTests */,
				37F4A6E521E48F2100F787FA /* SwiftMVVMProjectUITests */,
				37F4A6C421E48F1F00F787FA /* Products */,
			);
			sourceTree = "<group>";
		};
		37F4A6C421E48F1F00F787FA /* Products */ = {
			isa = PBXGroup;
			children = (
				37F4A6C321E48F1F00F787FA /* SwiftMVVMProject.app */,
				37F4A6D721E48F2100F787FA /* SwiftMVVMProjectTests.xctest */,
				37F4A6E221E48F2100F787FA /* SwiftMVVMProjectUITests.xctest */,
			);
			name = Products;
			sourceTree = "<group>";
		};
		37F4A6C521E48F1F00F787FA /* SwiftMVVMProject */ = {
			isa = PBXGroup;
			children = (
				37F4A6C621E48F1F00F787FA /* AppDelegate.swift */,
				37F4A6C821E48F1F00F787FA /* ViewController.swift */,
				37F4A6CA21E48F1F00F787FA /* Main.storyboard */,
				37F4A6CD21E48F2100F787FA /* Assets.xcassets */,
				37F4A6CF21E48F2100F787FA /* LaunchScreen.storyboard */,
				37F4A6D221E48F2100F787FA /* Info.plist */,
			);
			path = SwiftMVVMProject;
			sourceTree = "<group>";
		};
		37F4A6DA21E48F2100F787FA /* SwiftMVVMProjectTests */ = {
			isa = PBXGroup;
			children = (
				37F4A6DB21E48F2100F787FA /* SwiftMVVMProjectTests.swift */,
				37F4A6DD21E48F2100F787FA /* Info.plist */,
			);
			path = SwiftMVVMProjectTests;
			sourceTree = "<group>";
		};
		37F4A6E521E48F2100F787FA /* SwiftMVVMProjectUITests */ = {
			isa = PBXGroup;
			children = (
				37F4A6E621E48F2100F787FA /* SwiftMVVMProjectUITests.swift */,
				37F4A6E821E48F2100F787FA /* Info.plist */,
			);
			path = SwiftMVVMProjectUITests;
			sourceTree = "<group>";
		};
/* End PBXGroup section */

/* Begin PBXNativeTarget section */
		37F4A6C221E48F1F00F787FA /* SwiftMVVMProject */ = {
			isa = PBXNativeTarget;
			buildConfigurationList = 37F4A6EB21E48F2100F787FA /* Build configuration list for PBXNativeTarget "SwiftMVVMProject" */;
			buildPhases = (
				37F4A6BF21E48F1F00F787FA /* Sources */,
				37F4A6C021E48F1F00F787FA /* Frameworks */,
				37F4A6C121E48F1F00F787FA /* Resources */,
			);
			buildRules = (
			);
			dependencies = (
			);
			name = SwiftMVVMProject;
			productName = SwiftMVVMProject;
			productReference = 37F4A6C321E48F1F00F787FA /* SwiftMVVMProject.app */;
			productType = "com.apple.product-type.application";
		};
		37F4A6D621E48F2100F787FA /* SwiftMVVMProjectTests */ = {
			isa = PBXNativeTarget;
			buildConfigurationList = 37F4A6EE21E48F2100F787FA /* Build configuration list for PBXNativeTarget "SwiftMVVMProjectTests" */;
			buildPhases = (
				37F4A6D321E48F2100F787FA /* Sources */,
				37F4A6D421E48F2100F787FA /* Frameworks */,
				37F4A6D521E48F2100F787FA /* Resources */,
			);
			buildRules = (
			);
			dependencies = (
				37F4A6D921E48F2100F787FA /* PBXTargetDependency */,
			);
			name = SwiftMVVMProjectTests;
			productName = SwiftMVVMProjectTests;
			productReference = 37F4A6D721E48F2100F787FA /* SwiftMVVMProjectTests.xctest */;
			productType = "com.apple.product-type.bundle.unit-test";
		};
		37F4A6E121E48F2100F787FA /* SwiftMVVMProjectUITests */ = {
			isa = PBXNativeTarget;
			buildConfigurationList = 37F4A6F121E48F2100F787FA /* Build configuration list for PBXNativeTarget "SwiftMVVMProjectUITests" */;
			buildPhases = (
				37F4A6DE21E48F2100F787FA /* Sources */,
				37F4A6DF21E48F2100F787FA /* Frameworks */,
				37F4A6E021E48F2100F787FA /* Resources */,
			);
			buildRules = (
			);
			dependencies = (
				37F4A6E421E48F2100F787FA /* PBXTargetDependency */,
			);
			name = SwiftMVVMProjectUITests;
			productName = SwiftMVVMProjectUITests;
			productReference = 37F4A6E221E48F2100F787FA /* SwiftMVVMProjectUITests.xctest */;
			productType = "com.apple.product-type.bundle.ui-testing";
		};
/* End PBXNativeTarget section */

/* Begin PBXProject section */
		37F4A6BB21E48F1F00F787FA /* Project object */ = {
			isa = PBXProject;
			attributes = {
				LastSwiftUpdateCheck = 1010;
				LastUpgradeCheck = 1010;
				ORGANIZATIONNAME = SawPyaeHtun;
				TargetAttributes = {
					37F4A6C221E48F1F00F787FA = {
						CreatedOnToolsVersion = 10.1;
					};
					37F4A6D621E48F2100F787FA = {
						CreatedOnToolsVersion = 10.1;
						TestTargetID = 37F4A6C221E48F1F00F787FA;
					};
					37F4A6E121E48F2100F787FA = {
						CreatedOnToolsVersion = 10.1;
						TestTargetID = 37F4A6C221E48F1F00F787FA;
					};
				};
			};
			buildConfigurationList = 37F4A6BE21E48F1F00F787FA /* Build configuration list for PBXProject "SwiftMVVMProject" */;
			compatibilityVersion = "Xcode 9.3";
			developmentRegion = en;
			hasScannedForEncodings = 0;
			knownRegions = (
				en,
				Base,
			);
			mainGroup = 37F4A6BA21E48F1F00F787FA;
			productRefGroup = 37F4A6C421E48F1F00F787FA /* Products */;
			projectDirPath = "";
			projectRoot = "";
			targets = (
				37F4A6C221E48F1F00F787FA /* SwiftMVVMProject */,
				37F4A6D621E48F2100F787FA /* SwiftMVVMProjectTests */,
				37F4A6E121E48F2100F787FA /* SwiftMVVMProjectUITests */,
			);
		};
/* End PBXProject section */

/* Begin PBXResourcesBuildPhase section */
		37F4A6C121E48F1F00F787FA /* Resources */ = {
			isa = PBXResourcesBuildPhase;
			buildActionMask = 2147483647;
			files = (
				37F4A6D121E48F2100F787FA /* LaunchScreen.storyboard in Resources */,
				37F4A6CE21E48F2100F787FA /* Assets.xcassets in Resources */,
				37F4A6CC21E48F1F00F787FA /* Main.storyboard in Resources */,
			);
			runOnlyForDeploymentPostprocessing = 0;
		};
		37F4A6D521E48F2100F787FA /* Resources */ = {
			isa = PBXResourcesBuildPhase;
			buildActionMask = 2147483647;
			files = (
			);
			runOnlyForDeploymentPostprocessing = 0;
		};
		37F4A6E021E48F2100F787FA /* Resources */ = {
			isa = PBXResourcesBuildPhase;
			buildActionMask = 2147483647;
			files = (
			);
			runOnlyForDeploymentPostprocessing = 0;
		};
/* End PBXResourcesBuildPhase section */

/* Begin PBXSourcesBuildPhase section */
		37F4A6BF21E48F1F00F787FA /* Sources */ = {
			isa = PBXSourcesBuildPhase;
			buildActionMask = 2147483647;
			files = (
				37F4A6C921E48F1F00F787FA /* ViewController.swift in Sources */,
				37F4A6C721E48F1F00F787FA /* AppDelegate.swift in Sources */,
			);
			runOnlyForDeploymentPostprocessing = 0;
		};
		37F4A6D321E48F2100F787FA /* Sources */ = {
			isa = PBXSourcesBuildPhase;
			buildActionMask = 2147483647;
			files = (
				37F4A6DC21E48F2100F787FA /* SwiftMVVMProjectTests.swift in Sources */,
			);
			runOnlyForDeploymentPostprocessing = 0;
		};
		37F4A6DE21E48F2100F787FA /* Sources */ = {
			isa = PBXSourcesBuildPhase;
			buildActionMask = 2147483647;
			files = (
				37F4A6E721E48F2100F787FA /* SwiftMVVMProjectUITests.swift in Sources */,
			);
			runOnlyForDeploymentPostprocessing = 0;
		};
/* End PBXSourcesBuildPhase section */

/* Begin PBXTargetDependency section */
		37F4A6D921E48F2100F787FA /* PBXTargetDependency */ = {
			isa = PBXTargetDependency;
			target = 37F4A6C221E48F1F00F787FA /* SwiftMVVMProject */;
			targetProxy = 37F4A6D821E48F2100F787FA /* PBXContainerItemProxy */;
		};
		37F4A6E421E48F2100F787FA /* PBXTargetDependency */ = {
			isa = PBXTargetDependency;
			target = 37F4A6C221E48F1F00F787FA /* SwiftMVVMProject */;
			targetProxy = 37F4A6E321E48F2100F787FA /* PBXContainerItemProxy */;
		};
/* End PBXTargetDependency section */

/* Begin PBXVariantGroup section */
		37F4A6CA21E48F1F00F787FA /* Main.storyboard */ = {
			isa = PBXVariantGroup;
			children = (
				37F4A6CB21E48F1F00F787FA /* Base */,
			);
			name = Main.storyboard;
			sourceTree = "<group>";
		};
		37F4A6CF21E48F2100F787FA /* LaunchScreen.storyboard */ = {
			isa = PBXVariantGroup;
			children = (
				37F4A6D021E48F2100F787FA /* Base */,
			);
			name = LaunchScreen.storyboard;
			sourceTree = "<group>";
		};
/* End PBXVariantGroup section */

/* Begin XCBuildConfiguration section */
		37F4A6E921E48F2100F787FA /* Debug */ = {
			isa = XCBuildConfiguration;
			buildSettings = {
				ALWAYS_SEARCH_USER_PATHS = NO;
				CLANG_ANALYZER_NONNULL = YES;
				CLANG_ANALYZER_NUMBER_OBJECT_CONVERSION = YES_AGGRESSIVE;
				CLANG_CXX_LANGUAGE_STANDARD = "gnu++14";
				CLANG_CXX_LIBRARY = "libc++";
				CLANG_ENABLE_MODULES = YES;
				CLANG_ENABLE_OBJC_ARC = YES;
				CLANG_ENABLE_OBJC_WEAK = YES;
				CLANG_WARN_BLOCK_CAPTURE_AUTORELEASING = YES;
				CLANG_WARN_BOOL_CONVERSION = YES;
				CLANG_WARN_COMMA = YES;
				CLANG_WARN_CONSTANT_CONVERSION = YES;
				CLANG_WARN_DEPRECATED_OBJC_IMPLEMENTATIONS = YES;
				CLANG_WARN_DIRECT_OBJC_ISA_USAGE = YES_ERROR;
				CLANG_WARN_DOCUMENTATION_COMMENTS = YES;
				CLANG_WARN_EMPTY_BODY = YES;
				CLANG_WARN_ENUM_CONVERSION = YES;
				CLANG_WARN_INFINITE_RECURSION = YES;
				CLANG_WARN_INT_CONVERSION = YES;
				CLANG_WARN_NON_LITERAL_NULL_CONVERSION = YES;
				CLANG_WARN_OBJC_IMPLICIT_RETAIN_SELF = YES;
				CLANG_WARN_OBJC_LITERAL_CONVERSION = YES;
				CLANG_WARN_OBJC_ROOT_CLASS = YES_ERROR;
				CLANG_WARN_RANGE_LOOP_ANALYSIS = YES;
				CLANG_WARN_STRICT_PROTOTYPES = YES;
				CLANG_WARN_SUSPICIOUS_MOVE = YES;
				CLANG_WARN_UNGUARDED_AVAILABILITY = YES_AGGRESSIVE;
				CLANG_WARN_UNREACHABLE_CODE = YES;
				CLANG_WARN__DUPLICATE_METHOD_MATCH = YES;
				CODE_SIGN_IDENTITY = "iPhone Developer";
				COPY_PHASE_STRIP = NO;
				DEBUG_INFORMATION_FORMAT = dwarf;
				ENABLE_STRICT_OBJC_MSGSEND = YES;
				ENABLE_TESTABILITY = YES;
				GCC_C_LANGUAGE_STANDARD = gnu11;
				GCC_DYNAMIC_NO_PIC = NO;
				GCC_NO_COMMON_BLOCKS = YES;
				GCC_OPTIMIZATION_LEVEL = 0;
				GCC_PREPROCESSOR_DEFINITIONS = (
					"DEBUG=1",
					"$(inherited)",
				);
				GCC_WARN_64_TO_32_BIT_CONVERSION = YES;
				GCC_WARN_ABOUT_RETURN_TYPE = YES_ERROR;
				GCC_WARN_UNDECLARED_SELECTOR = YES;
				GCC_WARN_UNINITIALIZED_AUTOS = YES_AGGRESSIVE;
				GCC_WARN_UNUSED_FUNCTION = YES;
				GCC_WARN_UNUSED_VARIABLE = YES;
				IPHONEOS_DEPLOYMENT_TARGET = 12.1;
				MTL_ENABLE_DEBUG_INFO = INCLUDE_SOURCE;
				MTL_FAST_MATH = YES;
				ONLY_ACTIVE_ARCH = YES;
				SDKROOT = iphoneos;
				SWIFT_ACTIVE_COMPILATION_CONDITIONS = DEBUG;
				SWIFT_OPTIMIZATION_LEVEL = "-Onone";
			};
			name = Debug;
		};
		37F4A6EA21E48F2100F787FA /* Release */ = {
			isa = XCBuildConfiguration;
			buildSettings = {
				ALWAYS_SEARCH_USER_PATHS = NO;
				CLANG_ANALYZER_NONNULL = YES;
				CLANG_ANALYZER_NUMBER_OBJECT_CONVERSION = YES_AGGRESSIVE;
				CLANG_CXX_LANGUAGE_STANDARD = "gnu++14";
				CLANG_CXX_LIBRARY = "libc++";
				CLANG_ENABLE_MODULES = YES;
				CLANG_ENABLE_OBJC_ARC = YES;
				CLANG_ENABLE_OBJC_WEAK = YES;
				CLANG_WARN_BLOCK_CAPTURE_AUTORELEASING = YES;
				CLANG_WARN_BOOL_CONVERSION = YES;
				CLANG_WARN_COMMA = YES;
				CLANG_WARN_CONSTANT_CONVERSION = YES;
				CLANG_WARN_DEPRECATED_OBJC_IMPLEMENTATIONS = YES;
				CLANG_WARN_DIRECT_OBJC_ISA_USAGE = YES_ERROR;
				CLANG_WARN_DOCUMENTATION_COMMENTS = YES;
				CLANG_WARN_EMPTY_BODY = YES;
				CLANG_WARN_ENUM_CONVERSION = YES;
				CLANG_WARN_INFINITE_RECURSION = YES;
				CLANG_WARN_INT_CONVERSION = YES;
				CLANG_WARN_NON_LITERAL_NULL_CONVERSION = YES;
				CLANG_WARN_OBJC_IMPLICIT_RETAIN_SELF = YES;
				CLANG_WARN_OBJC_LITERAL_CONVERSION = YES;
				CLANG_WARN_OBJC_ROOT_CLASS = YES_ERROR;
				CLANG_WARN_RANGE_LOOP_ANALYSIS = YES;
				CLANG_WARN_STRICT_PROTOTYPES = YES;
				CLANG_WARN_SUSPICIOUS_MOVE = YES;
				CLANG_WARN_UNGUARDED_AVAILABILITY = YES_AGGRESSIVE;
				CLANG_WARN_UNREACHABLE_CODE = YES;
				CLANG_WARN__DUPLICATE_METHOD_MATCH = YES;
				CODE_SIGN_IDENTITY = "iPhone Developer";
				COPY_PHASE_STRIP = NO;
				DEBUG_INFORMATION_FORMAT = "dwarf-with-dsym";
				ENABLE_NS_ASSERTIONS = NO;
				ENABLE_STRICT_OBJC_MSGSEND = YES;
				GCC_C_LANGUAGE_STANDARD = gnu11;
				GCC_NO_COMMON_BLOCKS = YES;
				GCC_WARN_64_TO_32_BIT_CONVERSION = YES;
				GCC_WARN_ABOUT_RETURN_TYPE = YES_ERROR;
				GCC_WARN_UNDECLARED_SELECTOR = YES;
				GCC_WARN_UNINITIALIZED_AUTOS = YES_AGGRESSIVE;
				GCC_WARN_UNUSED_FUNCTION = YES;
				GCC_WARN_UNUSED_VARIABLE = YES;
				IPHONEOS_DEPLOYMENT_TARGET = 12.1;
				MTL_ENABLE_DEBUG_INFO = NO;
				MTL_FAST_MATH = YES;
				SDKROOT = iphoneos;
				SWIFT_COMPILATION_MODE = wholemodule;
				SWIFT_OPTIMIZATION_LEVEL = "-O";
				VALIDATE_PRODUCT = YES;
			};
			name = Release;
		};
		37F4A6EC21E48F2100F787FA /* Debug */ = {
			isa = XCBuildConfiguration;
			buildSettings = {
				ASSETCATALOG_COMPILER_APPICON_NAME = AppIcon;
				CODE_SIGN_STYLE = Automatic;
				INFOPLIST_FILE = SwiftMVVMProject/Info.plist;
				LD_RUNPATH_SEARCH_PATHS = (
					"$(inherited)",
					"@executable_path/Frameworks",
				);
				PRODUCT_BUNDLE_IDENTIFIER = com.mySwift.SwiftMVVMProject;
				PRODUCT_NAME = "$(TARGET_NAME)";
				SWIFT_VERSION = 4.2;
				TARGETED_DEVICE_FAMILY = "1,2";
			};
			name = Debug;
		};
		37F4A6ED21E48F2100F787FA /* Release */ = {
			isa = XCBuildConfiguration;
			buildSettings = {
				ASSETCATALOG_COMPILER_APPICON_NAME = AppIcon;
				CODE_SIGN_STYLE = Automatic;
				INFOPLIST_FILE = SwiftMVVMProject/Info.plist;
				LD_RUNPATH_SEARCH_PATHS = (
					"$(inherited)",
					"@executable_path/Frameworks",
				);
				PRODUCT_BUNDLE_IDENTIFIER = com.mySwift.SwiftMVVMProject;
				PRODUCT_NAME = "$(TARGET_NAME)";
				SWIFT_VERSION = 4.2;
				TARGETED_DEVICE_FAMILY = "1,2";
			};
			name = Release;
		};
		37F4A6EF21E48F2100F787FA /* Debug */ = {
			isa = XCBuildConfiguration;
			buildSettings = {
				ALWAYS_EMBED_SWIFT_STANDARD_LIBRARIES = YES;
				BUNDLE_LOADER = "$(TEST_HOST)";
				CODE_SIGN_STYLE = Automatic;
				INFOPLIST_FILE = SwiftMVVMProjectTests/Info.plist;
				LD_RUNPATH_SEARCH_PATHS = (
					"$(inherited)",
					"@executable_path/Frameworks",
					"@loader_path/Frameworks",
				);
				PRODUCT_BUNDLE_IDENTIFIER = com.mySwift.SwiftMVVMProjectTests;
				PRODUCT_NAME = "$(TARGET_NAME)";
				SWIFT_VERSION = 4.2;
				TARGETED_DEVICE_FAMILY = "1,2";
				TEST_HOST = "$(BUILT_PRODUCTS_DIR)/SwiftMVVMProject.app/SwiftMVVMProject";
			};
			name = Debug;
		};
		37F4A6F021E48F2100F787FA /* Release */ = {
			isa = XCBuildConfiguration;
			buildSettings = {
				ALWAYS_EMBED_SWIFT_STANDARD_LIBRARIES = YES;
				BUNDLE_LOADER = "$(TEST_HOST)";
				CODE_SIGN_STYLE = Automatic;
				INFOPLIST_FILE = SwiftMVVMProjectTests/Info.plist;
				LD_RUNPATH_SEARCH_PATHS = (
					"$(inherited)",
					"@executable_path/Frameworks",
					"@loader_path/Frameworks",
				);
				PRODUCT_BUNDLE_IDENTIFIER = com.mySwift.SwiftMVVMProjectTests;
				PRODUCT_NAME = "$(TARGET_NAME)";
				SWIFT_VERSION = 4.2;
				TARGETED_DEVICE_FAMILY = "1,2";
				TEST_HOST = "$(BUILT_PRODUCTS_DIR)/SwiftMVVMProject.app/SwiftMVVMProject";
			};
			name = Release;
		};
		37F4A6F221E48F2100F787FA /* Debug */ = {
			isa = XCBuildConfiguration;
			buildSettings = {
				ALWAYS_EMBED_SWIFT_STANDARD_LIBRARIES = YES;
				CODE_SIGN_STYLE = Automatic;
				INFOPLIST_FILE = SwiftMVVMProjectUITests/Info.plist;
				LD_RUNPATH_SEARCH_PATHS = (
					"$(inherited)",
					"@executable_path/Frameworks",
					"@loader_path/Frameworks",
				);
				PRODUCT_BUNDLE_IDENTIFIER = com.mySwift.SwiftMVVMProjectUITests;
				PRODUCT_NAME = "$(TARGET_NAME)";
				SWIFT_VERSION = 4.2;
				TARGETED_DEVICE_FAMILY = "1,2";
				TEST_TARGET_NAME = SwiftMVVMProject;
			};
			name = Debug;
		};
		37F4A6F321E48F2100F787FA /* Release */ = {
			isa = XCBuildConfiguration;
			buildSettings = {
				ALWAYS_EMBED_SWIFT_STANDARD_LIBRARIES = YES;
				CODE_SIGN_STYLE = Automatic;
				INFOPLIST_FILE = SwiftMVVMProjectUITests/Info.plist;
				LD_RUNPATH_SEARCH_PATHS = (
					"$(inherited)",
					"@executable_path/Frameworks",
					"@loader_path/Frameworks",
				);
				PRODUCT_BUNDLE_IDENTIFIER = com.mySwift.SwiftMVVMProjectUITests;
				PRODUCT_NAME = "$(TARGET_NAME)";
				SWIFT_VERSION = 4.2;
				TARGETED_DEVICE_FAMILY = "1,2";
				TEST_TARGET_NAME = SwiftMVVMProject;
			};
			name = Release;
		};
/* End XCBuildConfiguration section */

/* Begin XCConfigurationList section */
		37F4A6BE21E48F1F00F787FA /* Build configuration list for PBXProject "SwiftMVVMProject" */ = {
			isa = XCConfigurationList;
			buildConfigurations = (
				37F4A6E921E48F2100F787FA /* Debug */,
				37F4A6EA21E48F2100F787FA /* Release */,
			);
			defaultConfigurationIsVisible = 0;
			defaultConfigurationName = Release;
		};
		37F4A6EB21E48F2100F787FA /* Build configuration list for PBXNativeTarget "SwiftMVVMProject" */ = {
			isa = XCConfigurationList;
			buildConfigurations = (
				37F4A6EC21E48F2100F787FA /* Debug */,
				37F4A6ED21E48F2100F787FA /* Release */,
			);
			defaultConfigurationIsVisible = 0;
			defaultConfigurationName = Release;
		};
		37F4A6EE21E48F2100F787FA /* Build configuration list for PBXNativeTarget "SwiftMVVMProjectTests" */ = {
			isa = XCConfigurationList;
			buildConfigurations = (
				37F4A6EF21E48F2100F787FA /* Debug */,
				37F4A6F021E48F2100F787FA /* Release */,
			);
			defaultConfigurationIsVisible = 0;
			defaultConfigurationName = Release;
		};
		37F4A6F121E48F2100F787FA /* Build configuration list for PBXNativeTarget "SwiftMVVMProjectUITests" */ = {
			isa = XCConfigurationList;
			buildConfigurations = (
				37F4A6F221E48F2100F787FA /* Debug */,
				37F4A6F321E48F2100F787FA /* Release */,
			);
			defaultConfigurationIsVisible = 0;
			defaultConfigurationName = Release;
		};
/* End XCConfigurationList section */
	};
	rootObject = 37F4A6BB21E48F1F00F787FA /* Project object */;
}
